
Microsoft Visual Studio Solution File, Format Version 12.00
# Visual Studio 2013
VisualStudioVersion = 12.0.21005.1
MinimumVisualStudioVersion = 10.0.40219.1
Project("{FAE04EC0-301F-11D3-BF4B-00C04F79EFBC}") = "BusinessRule", "BusinessRule\BusinessRule.csproj", "{7C0571B4-8785-41A1-B635-0FB023F1D63E}"
EndProject
Project("{FAE04EC0-301F-11D3-BF4B-00C04F79EFBC}") = "BusinessView", "BusinessView\BusinessView.csproj", "{80F2BC40-3226-49AF-90F3-2059D8A3E05C}"
EndProject
Project("{FAE04EC0-301F-11D3-BF4B-00C04F79EFBC}") = "CodeGenerator", "CodeGenerator\CodeGenerator.csproj", "{39FC32D2-87C1-481F-9D79-ACDC91B5FA7E}"
EndProject
Project("{FAE04EC0-301F-11D3-BF4B-00C04F79EFBC}") = "GlobalFacade", "GlobalFacade\GlobalFacade.csproj", "{744D8254-77A6-467F-88F0-AF456528AE19}"
EndProject
Project("{FAE04EC0-301F-11D3-BF4B-00C04F79EFBC}") = "Wicresoft", "Wicresoft\Wicresoft.csproj", "{748E6133-A3BC-4B99-A760-DB502EC071B2}"
EndProject
Project("{FAE04EC0-301F-11D3-BF4B-00C04F79EFBC}") = "BusinessMapping", "BusinessMapping\BusinessMapping.csproj", "{55E317C5-4750-4128-B209-9F8A0C28504A}"
EndProject
Project("{FAE04EC0-301F-11D3-BF4B-00C04F79EFBC}") = "CWXT", "CWXT\CWXT.csproj", "{5B747BA6-F47C-4776-928D-F23C0B19D740}"
EndProject
Global
	GlobalSection(SolutionConfigurationPlatforms) = preSolution
		Debug|Any CPU = Debug|Any CPU
		Release|Any CPU = Release|Any CPU
	EndGlobalSection
	GlobalSection(ProjectConfigurationPlatforms) = postSolution
		{7C0571B4-8785-41A1-B635-0FB023F1D63E}.Debug|Any CPU.ActiveCfg = Debug|Any CPU
		{7C0571B4-8785-41A1-B635-0FB023F1D63E}.Debug|Any CPU.Build.0 = Debug|Any CPU
		{7C0571B4-8785-41A1-B635-0FB023F1D63E}.Release|Any CPU.ActiveCfg = Release|Any CPU
		{7C0571B4-8785-41A1-B635-0FB023F1D63E}.Release|Any CPU.Build.0 = Release|Any CPU
		{80F2BC40-3226-49AF-90F3-2059D8A3E05C}.Debug|Any CPU.ActiveCfg = Debug|Any CPU
		{80F2BC40-3226-49AF-90F3-2059D8A3E05C}.Debug|Any CPU.Build.0 = Debug|Any CPU
		{80F2BC40-3226-49AF-90F3-2059D8A3E05C}.Release|Any CPU.ActiveCfg = Release|Any CPU
		{80F2BC40-3226-49AF-90F3-2059D8A3E05C}.Release|Any CPU.Build.0 = Release|Any CPU
		{39FC32D2-87C1-481F-9D79-ACDC91B5FA7E}.Debug|Any CPU.ActiveCfg = Debug|Any CPU
		{39FC32D2-87C1-481F-9D79-ACDC91B5FA7E}.Debug|Any CPU.Build.0 = Debug|Any CPU
		{39FC32D2-87C1-481F-9D79-ACDC91B5FA7E}.Release|Any CPU.ActiveCfg = Release|Any CPU
		{39FC32D2-87C1-481F-9D79-ACDC91B5FA7E}.Release|Any CPU.Build.0 = Release|Any CPU
		{744D8254-77A6-467F-88F0-AF456528AE19}.Debug|Any CPU.ActiveCfg = Debug|Any CPU
		{744D8254-77A6-467F-88F0-AF456528AE19}.Debug|Any CPU.Build.0 = Debug|Any CPU
		{744D8254-77A6-467F-88F0-AF456528AE19}.Release|Any CPU.ActiveCfg = Release|Any CPU
		{744D8254-77A6-467F-88F0-AF456528AE19}.Release|Any CPU.Build.0 = Release|Any CPU
		{748E6133-A3BC-4B99-A760-DB502EC071B2}.Debug|Any CPU.ActiveCfg = Debug|Any CPU
		{748E6133-A3BC-4B99-A760-DB502EC071B2}.Debug|Any CPU.Build.0 = Debug|Any CPU
		{748E6133-A3BC-4B99-A760-DB502EC071B2}.Release|Any CPU.ActiveCfg = Release|Any CPU
		{748E6133-A3BC-4B99-A760-DB502EC071B2}.Release|Any CPU.Build.0 = Release|Any CPU
		{55E317C5-4750-4128-B209-9F8A0C28504A}.Debug|Any CPU.ActiveCfg = Debug|Any CPU
		{55E317C5-4750-4128-B209-9F8A0C28504A}.Debug|Any CPU.Build.0 = Debug|Any CPU
		{55E317C5-4750-4128-B209-9F8A0C28504A}.Release|Any CPU.ActiveCfg = Release|Any CPU
		{55E317C5-4750-4128-B209-9F8A0C28504A}.Release|Any CPU.Build.0 = Release|Any CPU
		{5B747BA6-F47C-4776-928D-F23C0B19D740}.Debug|Any CPU.ActiveCfg = Debug|Any CPU
		{5B747BA6-F47C-4776-928D-F23C0B19D740}.Debug|Any CPU.Build.0 = Debug|Any CPU
		{5B747BA6-F47C-4776-928D-F23C0B19D740}.Release|Any CPU.ActiveCfg = Release|Any CPU
		{5B747BA6-F47C-4776-928D-F23C0B19D740}.Release|Any CPU.Build.0 = Release|Any CPU
	EndGlobalSection
	GlobalSection(SolutionProperties) = preSolution
		HideSolutionNode = FALSE
	EndGlobalSection
EndGlobal
